
Microsoft Visual Studio Solution File, Format Version 12.00
# Visual Studio Version 17
VisualStudioVersion = 17.7.34221.43
MinimumVisualStudioVersion = 10.0.40219.1
Project("{FAE04EC0-301F-11D3-BF4B-00C04F79EFBC}") = "QLBenhVienDaLieu", "QLBenhVienDaLieu.csproj", "{9E6C430E-1FDF-4F29-ABBD-1C5170A0D382}"
EndProject
Global
	GlobalSection(SolutionConfigurationPlatforms) = preSolution
		Debug|Any CPU = Debug|Any CPU
		Release|Any CPU = Release|Any CPU
	EndGlobalSection
	GlobalSection(ProjectConfigurationPlatforms) = postSolution
		{9E6C430E-1FDF-4F29-ABBD-1C5170A0D382}.Debug|Any CPU.ActiveCfg = Debug|Any CPU
		{9E6C430E-1FDF-4F29-ABBD-1C5170A0D382}.Debug|Any CPU.Build.0 = Debug|Any CPU
		{9E6C430E-1FDF-4F29-ABBD-1C5170A0D382}.Release|Any CPU.ActiveCfg = Release|Any CPU
		{9E6C430E-1FDF-4F29-ABBD-1C5170A0D382}.Release|Any CPU.Build.0 = Release|Any CPU
	EndGlobalSection
	GlobalSection(SolutionProperties) = preSolution
		HideSolutionNode = FALSE
	EndGlobalSection
	GlobalSection(ExtensibilityGlobals) = postSolution
		SolutionGuid = {008D7775-2C73-4CA2-98C6-E1B061D45AC7}
	EndGlobalSection
EndGlobal
